<?xml version="1.0" encoding="utf-8"?>
<Project ToolsVersion="4.0" xmlns="http://schemas.microsoft.com/developer/msbuild/2003">
  <ItemGroup>
    <ClCompile Include="Camera.cpp">
      <Filter>Source files</Filter>
    </ClCompile>
    <ClCompile Include="Window.cpp">
      <Filter>Source files</Filter>
    </ClCompile>
    <ClCompile Include="Frustum.cpp">
      <Filter>Source files</Filter>
    </ClCompile>
    <ClCompile Include="GameTimer.cpp">
      <Filter>Source files</Filter>
    </ClCompile>
    <ClCompile Include="Keyboard.cpp">
      <Filter>Source files</Filter>
    </ClCompile>
    <ClCompile Include="Matrix4.cpp">
      <Filter>Source files</Filter>
    </ClCompile>
    <ClCompile Include="Mesh.cpp">
      <Filter>Source files</Filter>
    </ClCompile>
    <ClCompile Include="Mouse.cpp">
      <Filter>Source files</Filter>
    </ClCompile>
    <ClCompile Include="OBJMesh.cpp">
      <Filter>Source files</Filter>
    </ClCompile>
    <ClCompile Include="OGLRenderer.cpp">
      <Filter>Source files</Filter>
    </ClCompile>
    <ClCompile Include="plane.cpp">
      <Filter>Source files</Filter>
    </ClCompile>
    <ClCompile Include="Quaternion.cpp">
      <Filter>Source files</Filter>
    </ClCompile>
    <ClCompile Include="SceneNode.cpp">
      <Filter>Source files</Filter>
    </ClCompile>
    <ClCompile Include="Shader.cpp">
      <Filter>Source files</Filter>
    </ClCompile>
    <ClCompile Include="BoundingSphere.cpp">
      <Filter>Source files</Filter>
    </ClCompile>
    <ClCompile Include="HeightMap.cpp">
      <Filter>Source files</Filter>
    </ClCompile>
    <ClCompile Include="skybox.cpp">
      <Filter>Source files</Filter>
    </ClCompile>
    <ClCompile Include="MD5Anim.cpp">
      <Filter>Source files</Filter>
    </ClCompile>
    <ClCompile Include="MD5FileData.cpp">
      <Filter>Source files</Filter>
    </ClCompile>
    <ClCompile Include="MD5Mesh.cpp">
      <Filter>Source files</Filter>
    </ClCompile>
    <ClCompile Include="MD5Node.cpp">
      <Filter>Source files</Filter>
    </ClCompile>
    <ClCompile Include="Julia.cpp">
      <Filter>Source files</Filter>
    </ClCompile>
    <ClCompile Include="ParticleEmitter.cpp">
      <Filter>Source files</Filter>
    </ClCompile>
    <ClCompile Include="BirdEmitter.cpp">
      <Filter>Source files</Filter>
    </ClCompile>
    <ClCompile Include="TextMesh.cpp">
      <Filter>Source files</Filter>
    </ClCompile>
  </ItemGroup>
  <ItemGroup>
    <ClInclude Include="BoundingVolume.h">
      <Filter>Header files</Filter>
    </ClInclude>
    <ClInclude Include="Camera.h">
      <Filter>Header files</Filter>
    </ClInclude>
    <ClInclude Include="ChildMeshInterface.h">
      <Filter>Header files</Filter>
    </ClInclude>
    <ClInclude Include="common.h">
      <Filter>Header files</Filter>
    </ClInclude>
    <ClInclude Include="Frustum.h">
      <Filter>Header files</Filter>
    </ClInclude>
    <ClInclude Include="GameTimer.h">
      <Filter>Header files</Filter>
    </ClInclude>
    <ClInclude Include="InputDevice.h">
      <Filter>Header files</Filter>
    </ClInclude>
    <ClInclude Include="Keyboard.h">
      <Filter>Header files</Filter>
    </ClInclude>
    <ClInclude Include="Matrix4.h">
      <Filter>Header files</Filter>
    </ClInclude>
    <ClInclude Include="Mesh.h">
      <Filter>Header files</Filter>
    </ClInclude>
    <ClInclude Include="Mouse.h">
      <Filter>Header files</Filter>
    </ClInclude>
    <ClInclude Include="OBJMesh.h">
      <Filter>Header files</Filter>
    </ClInclude>
    <ClInclude Include="OGLRenderer.h">
      <Filter>Header files</Filter>
    </ClInclude>
    <ClInclude Include="plane.h">
      <Filter>Header files</Filter>
    </ClInclude>
    <ClInclude Include="Quaternion.h">
      <Filter>Header files</Filter>
    </ClInclude>
    <ClInclude Include="SceneNode.h">
      <Filter>Header files</Filter>
    </ClInclude>
    <ClInclude Include="Shader.h">
      <Filter>Header files</Filter>
    </ClInclude>
    <ClInclude Include="Vector2.h">
      <Filter>Header files</Filter>
    </ClInclude>
    <ClInclude Include="Vector3.h">
      <Filter>Header files</Filter>
    </ClInclude>
    <ClInclude Include="Vector4.h">
      <Filter>Header files</Filter>
    </ClInclude>
    <ClInclude Include="Window.h">
      <Filter>Header files</Filter>
    </ClInclude>
    <ClInclude Include="BoundingSphere.h">
      <Filter>Header files</Filter>
    </ClInclude>
    <ClInclude Include="HeightMap.h">
      <Filter>Header files</Filter>
    </ClInclude>
    <ClInclude Include="skybox.h">
      <Filter>Header files</Filter>
    </ClInclude>
    <ClInclude Include="Light.h">
      <Filter>Header files</Filter>
    </ClInclude>
    <ClInclude Include="MD5Anim.h">
      <Filter>Header files</Filter>
    </ClInclude>
    <ClInclude Include="MD5FileData.h">
      <Filter>Header files</Filter>
    </ClInclude>
    <ClInclude Include="MD5Mesh.h">
      <Filter>Header files</Filter>
    </ClInclude>
    <ClInclude Include="MD5Node.h">
      <Filter>Header files</Filter>
    </ClInclude>
    <ClInclude Include="Julia.h">
      <Filter>Header files</Filter>
    </ClInclude>
    <ClInclude Include="ParticleEmitter.h">
      <Filter>Header files</Filter>
    </ClInclude>
    <ClInclude Include="BirdEmitter.h">
      <Filter>Header files</Filter>
    </ClInclude>
    <ClInclude Include="TextMesh.h">
      <Filter>Header files</Filter>
    </ClInclude>
  </ItemGroup>
  <ItemGroup>
    <Filter Include="Source files">
      <UniqueIdentifier>{6905a435-26d6-480e-b354-8f76b7583da4}</UniqueIdentifier>
    </Filter>
    <Filter Include="Header files">
      <UniqueIdentifier>{9a17c356-fc3a-4285-966b-8c6e35e8624e}</UniqueIdentifier>
    </Filter>
  </ItemGroup>
</Project>